
Microsoft Visual Studio Solution File, Format Version 12.00
Project("{FAE04EC0-301F-11D3-BF4B-00C04F79EFBC}") = "TypusUnum.RecipeBook.Common", "TypusUnum.RecipeBook.Common\TypusUnum.RecipeBook.Common.csproj", "{E3AAE0D4-4659-4146-B457-3AFB817898D2}"
EndProject
Project("{FAE04EC0-301F-11D3-BF4B-00C04F79EFBC}") = "TypusUnum.RecipeBook.API", "TypusUnum.RecipeBook.API\TypusUnum.RecipeBook.API.csproj", "{FAE14094-3DE3-417F-B23A-81B9B3268C2A}"
EndProject
Project("{FAE04EC0-301F-11D3-BF4B-00C04F79EFBC}") = "TypusUnum.RecipeBook.Service", "TypusUnum.RecipeBook.Service\TypusUnum.RecipeBook.Service.csproj", "{F842DB80-F581-43FD-835B-99616FDB2071}"
EndProject
Project("{FAE04EC0-301F-11D3-BF4B-00C04F79EFBC}") = "TypusUnum.RecipeBook.Repository", "TypusUnum.RecipeBook.Repository\TypusUnum.RecipeBook.Repository.csproj", "{F75AC979-4E02-43D7-A0F7-336CE2AD30DE}"
EndProject
Global
	GlobalSection(SolutionConfigurationPlatforms) = preSolution
		Debug|Any CPU = Debug|Any CPU
		Release|Any CPU = Release|Any CPU
	EndGlobalSection
	GlobalSection(ProjectConfigurationPlatforms) = postSolution
		{E3AAE0D4-4659-4146-B457-3AFB817898D2}.Debug|Any CPU.ActiveCfg = Debug|Any CPU
		{E3AAE0D4-4659-4146-B457-3AFB817898D2}.Debug|Any CPU.Build.0 = Debug|Any CPU
		{E3AAE0D4-4659-4146-B457-3AFB817898D2}.Release|Any CPU.ActiveCfg = Release|Any CPU
		{E3AAE0D4-4659-4146-B457-3AFB817898D2}.Release|Any CPU.Build.0 = Release|Any CPU
		{FAE14094-3DE3-417F-B23A-81B9B3268C2A}.Debug|Any CPU.ActiveCfg = Debug|Any CPU
		{FAE14094-3DE3-417F-B23A-81B9B3268C2A}.Debug|Any CPU.Build.0 = Debug|Any CPU
		{FAE14094-3DE3-417F-B23A-81B9B3268C2A}.Release|Any CPU.ActiveCfg = Release|Any CPU
		{FAE14094-3DE3-417F-B23A-81B9B3268C2A}.Release|Any CPU.Build.0 = Release|Any CPU
		{F842DB80-F581-43FD-835B-99616FDB2071}.Debug|Any CPU.ActiveCfg = Debug|Any CPU
		{F842DB80-F581-43FD-835B-99616FDB2071}.Debug|Any CPU.Build.0 = Debug|Any CPU
		{F842DB80-F581-43FD-835B-99616FDB2071}.Release|Any CPU.ActiveCfg = Release|Any CPU
		{F842DB80-F581-43FD-835B-99616FDB2071}.Release|Any CPU.Build.0 = Release|Any CPU
		{F75AC979-4E02-43D7-A0F7-336CE2AD30DE}.Debug|Any CPU.ActiveCfg = Debug|Any CPU
		{F75AC979-4E02-43D7-A0F7-336CE2AD30DE}.Debug|Any CPU.Build.0 = Debug|Any CPU
		{F75AC979-4E02-43D7-A0F7-336CE2AD30DE}.Release|Any CPU.ActiveCfg = Release|Any CPU
		{F75AC979-4E02-43D7-A0F7-336CE2AD30DE}.Release|Any CPU.Build.0 = Release|Any CPU
	EndGlobalSection
EndGlobal
